
Microsoft Visual Studio Solution File, Format Version 12.00
# Visual Studio Version 16
VisualStudioVersion = 16.0.29509.3
MinimumVisualStudioVersion = 10.0.40219.1
Project("{9A19103F-16F7-4668-BE54-9A1E7A4F7556}") = "AtolKKTServiceLib", "AtolKKTServiceLib\AtolKKTServiceLib.csproj", "{EE5CFAB9-85FE-4F95-A361-6DFB454ED05E}"
EndProject
Project("{9A19103F-16F7-4668-BE54-9A1E7A4F7556}") = "MercuryKKTServiceLib", "MercuryKKTServiceLib\MercuryKKTServiceLib.csproj", "{926A8239-E86A-4FEA-B2CE-F98F2D1F72E6}"
EndProject
Project("{FAE04EC0-301F-11D3-BF4B-00C04F79EFBC}") = "KKTServiceLib.Shared", "KKTServiceLib.Shared\KKTServiceLib.Shared.csproj", "{F590250F-D3F5-4024-BEEA-1E02EFD58167}"
EndProject
Global
	GlobalSection(SolutionConfigurationPlatforms) = preSolution
		Debug|Any CPU = Debug|Any CPU
		Release|Any CPU = Release|Any CPU
	EndGlobalSection
	GlobalSection(ProjectConfigurationPlatforms) = postSolution
		{EE5CFAB9-85FE-4F95-A361-6DFB454ED05E}.Debug|Any CPU.ActiveCfg = Debug|Any CPU
		{EE5CFAB9-85FE-4F95-A361-6DFB454ED05E}.Debug|Any CPU.Build.0 = Debug|Any CPU
		{EE5CFAB9-85FE-4F95-A361-6DFB454ED05E}.Release|Any CPU.ActiveCfg = Release|Any CPU
		{EE5CFAB9-85FE-4F95-A361-6DFB454ED05E}.Release|Any CPU.Build.0 = Release|Any CPU
		{926A8239-E86A-4FEA-B2CE-F98F2D1F72E6}.Debug|Any CPU.ActiveCfg = Debug|Any CPU
		{926A8239-E86A-4FEA-B2CE-F98F2D1F72E6}.Debug|Any CPU.Build.0 = Debug|Any CPU
		{926A8239-E86A-4FEA-B2CE-F98F2D1F72E6}.Release|Any CPU.ActiveCfg = Release|Any CPU
		{926A8239-E86A-4FEA-B2CE-F98F2D1F72E6}.Release|Any CPU.Build.0 = Release|Any CPU
		{F590250F-D3F5-4024-BEEA-1E02EFD58167}.Debug|Any CPU.ActiveCfg = Debug|Any CPU
		{F590250F-D3F5-4024-BEEA-1E02EFD58167}.Debug|Any CPU.Build.0 = Debug|Any CPU
		{F590250F-D3F5-4024-BEEA-1E02EFD58167}.Release|Any CPU.ActiveCfg = Release|Any CPU
		{F590250F-D3F5-4024-BEEA-1E02EFD58167}.Release|Any CPU.Build.0 = Release|Any CPU
	EndGlobalSection
	GlobalSection(SolutionProperties) = preSolution
		HideSolutionNode = FALSE
	EndGlobalSection
	GlobalSection(ExtensibilityGlobals) = postSolution
		SolutionGuid = {01A072D4-384C-4B9F-8036-0115B29D8F8C}
	EndGlobalSection
EndGlobal
